
Microsoft Visual Studio Solution File, Format Version 12.00
# Visual Studio Version 16
VisualStudioVersion = 16.0.31019.35
MinimumVisualStudioVersion = 10.0.40219.1
Project("{9A19103F-16F7-4668-BE54-9A1E7A4F7556}") = "EmpSolutions", "EmpiteSolutions\EmpSolutions.csproj", "{7065E782-E7F4-4B77-8156-6CC2327DEB06}"
EndProject
Global
	GlobalSection(SolutionConfigurationPlatforms) = preSolution
		Debug|Any CPU = Debug|Any CPU
		Release|Any CPU = Release|Any CPU
	EndGlobalSection
	GlobalSection(ProjectConfigurationPlatforms) = postSolution
		{7065E782-E7F4-4B77-8156-6CC2327DEB06}.Debug|Any CPU.ActiveCfg = Debug|Any CPU
		{7065E782-E7F4-4B77-8156-6CC2327DEB06}.Debug|Any CPU.Build.0 = Debug|Any CPU
		{7065E782-E7F4-4B77-8156-6CC2327DEB06}.Release|Any CPU.ActiveCfg = Release|Any CPU
		{7065E782-E7F4-4B77-8156-6CC2327DEB06}.Release|Any CPU.Build.0 = Release|Any CPU
	EndGlobalSection
	GlobalSection(SolutionProperties) = preSolution
		HideSolutionNode = FALSE
	EndGlobalSection
	GlobalSection(ExtensibilityGlobals) = postSolution
		SolutionGuid = {4045976F-2972-4573-B168-8E3D1B4F46A5}
	EndGlobalSection
EndGlobal
